
Microsoft Visual Studio Solution File, Format Version 12.00
# Visual Studio Version 16
VisualStudioVersion = 16.0.31105.61
MinimumVisualStudioVersion = 10.0.40219.1
Project("{9A19103F-16F7-4668-BE54-9A1E7A4F7556}") = "PracticeCaseStudy_AbstractPattern", "PracticeCaseStudy_AbstractPattern\PracticeCaseStudy_AbstractPattern.csproj", "{C923E118-67A6-459D-AF12-511B6D0C587E}"
EndProject
Project("{FAE04EC0-301F-11D3-BF4B-00C04F79EFBC}") = "PracticeCaseStudy_ObserverPattern", "PracticeCaseStudy_ObserverPattern\PracticeCaseStudy_ObserverPattern.csproj", "{A5CDC696-1FB7-46F4-9329-F17D83B33724}"
EndProject
Global
	GlobalSection(SolutionConfigurationPlatforms) = preSolution
		Debug|Any CPU = Debug|Any CPU
		Release|Any CPU = Release|Any CPU
	EndGlobalSection
	GlobalSection(ProjectConfigurationPlatforms) = postSolution
		{C923E118-67A6-459D-AF12-511B6D0C587E}.Debug|Any CPU.ActiveCfg = Debug|Any CPU
		{C923E118-67A6-459D-AF12-511B6D0C587E}.Debug|Any CPU.Build.0 = Debug|Any CPU
		{C923E118-67A6-459D-AF12-511B6D0C587E}.Release|Any CPU.ActiveCfg = Release|Any CPU
		{C923E118-67A6-459D-AF12-511B6D0C587E}.Release|Any CPU.Build.0 = Release|Any CPU
		{A5CDC696-1FB7-46F4-9329-F17D83B33724}.Debug|Any CPU.ActiveCfg = Debug|Any CPU
		{A5CDC696-1FB7-46F4-9329-F17D83B33724}.Debug|Any CPU.Build.0 = Debug|Any CPU
		{A5CDC696-1FB7-46F4-9329-F17D83B33724}.Release|Any CPU.ActiveCfg = Release|Any CPU
		{A5CDC696-1FB7-46F4-9329-F17D83B33724}.Release|Any CPU.Build.0 = Release|Any CPU
	EndGlobalSection
	GlobalSection(SolutionProperties) = preSolution
		HideSolutionNode = FALSE
	EndGlobalSection
	GlobalSection(ExtensibilityGlobals) = postSolution
		SolutionGuid = {36BD14A9-8466-4759-B036-980D5BC6E0A4}
	EndGlobalSection
EndGlobal
