
Microsoft Visual Studio Solution File, Format Version 12.00
# Visual Studio Version 16
VisualStudioVersion = 16.0.31105.61
MinimumVisualStudioVersion = 10.0.40219.1
Project("{FAE04EC0-301F-11D3-BF4B-00C04F79EFBC}") = "SingletonPattern_DP-T02", "SingletonPattern_DP-T02\SingletonPattern_DP-T02.csproj", "{EA799CEF-DB48-4780-B0B2-D079B527613C}"
EndProject
Global
	GlobalSection(SolutionConfigurationPlatforms) = preSolution
		Debug|Any CPU = Debug|Any CPU
		Release|Any CPU = Release|Any CPU
	EndGlobalSection
	GlobalSection(ProjectConfigurationPlatforms) = postSolution
		{EA799CEF-DB48-4780-B0B2-D079B527613C}.Debug|Any CPU.ActiveCfg = Debug|Any CPU
		{EA799CEF-DB48-4780-B0B2-D079B527613C}.Debug|Any CPU.Build.0 = Debug|Any CPU
		{EA799CEF-DB48-4780-B0B2-D079B527613C}.Release|Any CPU.ActiveCfg = Release|Any CPU
		{EA799CEF-DB48-4780-B0B2-D079B527613C}.Release|Any CPU.Build.0 = Release|Any CPU
	EndGlobalSection
	GlobalSection(SolutionProperties) = preSolution
		HideSolutionNode = FALSE
	EndGlobalSection
	GlobalSection(ExtensibilityGlobals) = postSolution
		SolutionGuid = {47192C5C-BFDF-46F8-8304-7DD8A727252E}
	EndGlobalSection
EndGlobal
