
Microsoft Visual Studio Solution File, Format Version 12.00
# Visual Studio Version 16
VisualStudioVersion = 16.0.30804.86
MinimumVisualStudioVersion = 10.0.40219.1
Project("{FAE04EC0-301F-11D3-BF4B-00C04F79EFBC}") = "ThreadStartSample", "ThreadStartSample\ThreadStartSample.csproj", "{139C651B-73D9-4A7F-89C8-E808987A5D2D}"
EndProject
Project("{FAE04EC0-301F-11D3-BF4B-00C04F79EFBC}") = "MultithreadingSample", "MultithreadingSample\MultithreadingSample.csproj", "{D58D4CA1-5B5F-4B10-81A1-97EE7CB09217}"
EndProject
Project("{FAE04EC0-301F-11D3-BF4B-00C04F79EFBC}") = "AsyncAwait1", "AsyncAwait1\AsyncAwait1.csproj", "{0F8DDF8A-2428-42DA-9BFF-7889AFCFAA2F}"
EndProject
Project("{FAE04EC0-301F-11D3-BF4B-00C04F79EFBC}") = "AsyncAwait2", "AsyncAwait2\AsyncAwait2.csproj", "{ECE11BC1-26D8-4BF4-B49E-B548B58327CD}"
EndProject
Project("{FAE04EC0-301F-11D3-BF4B-00C04F79EFBC}") = "NamedParameters", "NamedParameters\NamedParameters.csproj", "{EC2653EF-95ED-4B7C-AF5E-A19260533491}"
EndProject
Project("{FAE04EC0-301F-11D3-BF4B-00C04F79EFBC}") = "OptionalParameter", "OptionalParameter\OptionalParameter.csproj", "{3D411224-0AAF-4173-89B9-3A8EA5AAAB70}"
EndProject
Global
	GlobalSection(SolutionConfigurationPlatforms) = preSolution
		Debug|Any CPU = Debug|Any CPU
		Release|Any CPU = Release|Any CPU
	EndGlobalSection
	GlobalSection(ProjectConfigurationPlatforms) = postSolution
		{139C651B-73D9-4A7F-89C8-E808987A5D2D}.Debug|Any CPU.ActiveCfg = Debug|Any CPU
		{139C651B-73D9-4A7F-89C8-E808987A5D2D}.Debug|Any CPU.Build.0 = Debug|Any CPU
		{139C651B-73D9-4A7F-89C8-E808987A5D2D}.Release|Any CPU.ActiveCfg = Release|Any CPU
		{139C651B-73D9-4A7F-89C8-E808987A5D2D}.Release|Any CPU.Build.0 = Release|Any CPU
		{D58D4CA1-5B5F-4B10-81A1-97EE7CB09217}.Debug|Any CPU.ActiveCfg = Debug|Any CPU
		{D58D4CA1-5B5F-4B10-81A1-97EE7CB09217}.Debug|Any CPU.Build.0 = Debug|Any CPU
		{D58D4CA1-5B5F-4B10-81A1-97EE7CB09217}.Release|Any CPU.ActiveCfg = Release|Any CPU
		{D58D4CA1-5B5F-4B10-81A1-97EE7CB09217}.Release|Any CPU.Build.0 = Release|Any CPU
		{0F8DDF8A-2428-42DA-9BFF-7889AFCFAA2F}.Debug|Any CPU.ActiveCfg = Debug|Any CPU
		{0F8DDF8A-2428-42DA-9BFF-7889AFCFAA2F}.Debug|Any CPU.Build.0 = Debug|Any CPU
		{0F8DDF8A-2428-42DA-9BFF-7889AFCFAA2F}.Release|Any CPU.ActiveCfg = Release|Any CPU
		{0F8DDF8A-2428-42DA-9BFF-7889AFCFAA2F}.Release|Any CPU.Build.0 = Release|Any CPU
		{ECE11BC1-26D8-4BF4-B49E-B548B58327CD}.Debug|Any CPU.ActiveCfg = Debug|Any CPU
		{ECE11BC1-26D8-4BF4-B49E-B548B58327CD}.Debug|Any CPU.Build.0 = Debug|Any CPU
		{ECE11BC1-26D8-4BF4-B49E-B548B58327CD}.Release|Any CPU.ActiveCfg = Release|Any CPU
		{ECE11BC1-26D8-4BF4-B49E-B548B58327CD}.Release|Any CPU.Build.0 = Release|Any CPU
		{EC2653EF-95ED-4B7C-AF5E-A19260533491}.Debug|Any CPU.ActiveCfg = Debug|Any CPU
		{EC2653EF-95ED-4B7C-AF5E-A19260533491}.Debug|Any CPU.Build.0 = Debug|Any CPU
		{EC2653EF-95ED-4B7C-AF5E-A19260533491}.Release|Any CPU.ActiveCfg = Release|Any CPU
		{EC2653EF-95ED-4B7C-AF5E-A19260533491}.Release|Any CPU.Build.0 = Release|Any CPU
		{3D411224-0AAF-4173-89B9-3A8EA5AAAB70}.Debug|Any CPU.ActiveCfg = Debug|Any CPU
		{3D411224-0AAF-4173-89B9-3A8EA5AAAB70}.Debug|Any CPU.Build.0 = Debug|Any CPU
		{3D411224-0AAF-4173-89B9-3A8EA5AAAB70}.Release|Any CPU.ActiveCfg = Release|Any CPU
		{3D411224-0AAF-4173-89B9-3A8EA5AAAB70}.Release|Any CPU.Build.0 = Release|Any CPU
	EndGlobalSection
	GlobalSection(SolutionProperties) = preSolution
		HideSolutionNode = FALSE
	EndGlobalSection
	GlobalSection(ExtensibilityGlobals) = postSolution
		SolutionGuid = {0DA77375-E6C6-4682-948C-3A4FEA949DD0}
	EndGlobalSection
EndGlobal
