
Microsoft Visual Studio Solution File, Format Version 12.00
# Visual Studio Version 16
VisualStudioVersion = 16.0.30804.86
MinimumVisualStudioVersion = 10.0.40219.1
Project("{FAE04EC0-301F-11D3-BF4B-00C04F79EFBC}") = "MagicFilesLib", "MagicFilesLib\MagicFilesLib.csproj", "{0397C528-CEEB-47E9-9E2C-F29C9AE1FD1A}"
EndProject
Project("{FAE04EC0-301F-11D3-BF4B-00C04F79EFBC}") = "DirectoryExplorerTests", "DirectoryExplorerTests\DirectoryExplorerTests.csproj", "{8E34C220-5D48-4EAA-9DBF-91600484504B}"
EndProject
Global
	GlobalSection(SolutionConfigurationPlatforms) = preSolution
		Debug|Any CPU = Debug|Any CPU
		Release|Any CPU = Release|Any CPU
	EndGlobalSection
	GlobalSection(ProjectConfigurationPlatforms) = postSolution
		{0397C528-CEEB-47E9-9E2C-F29C9AE1FD1A}.Debug|Any CPU.ActiveCfg = Debug|Any CPU
		{0397C528-CEEB-47E9-9E2C-F29C9AE1FD1A}.Debug|Any CPU.Build.0 = Debug|Any CPU
		{0397C528-CEEB-47E9-9E2C-F29C9AE1FD1A}.Release|Any CPU.ActiveCfg = Release|Any CPU
		{0397C528-CEEB-47E9-9E2C-F29C9AE1FD1A}.Release|Any CPU.Build.0 = Release|Any CPU
		{8E34C220-5D48-4EAA-9DBF-91600484504B}.Debug|Any CPU.ActiveCfg = Debug|Any CPU
		{8E34C220-5D48-4EAA-9DBF-91600484504B}.Debug|Any CPU.Build.0 = Debug|Any CPU
		{8E34C220-5D48-4EAA-9DBF-91600484504B}.Release|Any CPU.ActiveCfg = Release|Any CPU
		{8E34C220-5D48-4EAA-9DBF-91600484504B}.Release|Any CPU.Build.0 = Release|Any CPU
	EndGlobalSection
	GlobalSection(SolutionProperties) = preSolution
		HideSolutionNode = FALSE
	EndGlobalSection
	GlobalSection(ExtensibilityGlobals) = postSolution
		SolutionGuid = {3803E100-2E7E-455E-93C0-1B148CBBB159}
	EndGlobalSection
EndGlobal
