
Microsoft Visual Studio Solution File, Format Version 12.00
# Visual Studio Version 16
VisualStudioVersion = 16.0.31105.61
MinimumVisualStudioVersion = 10.0.40219.1
Project("{FAE04EC0-301F-11D3-BF4B-00C04F79EFBC}") = "ChainOfResponsibilityPattern_DP-T04", "ChainOfResponsibilityPattern_DP-T04\ChainOfResponsibilityPattern_DP-T04.csproj", "{A931F340-D6B3-4703-98E8-9E5C505D2E11}"
EndProject
Global
	GlobalSection(SolutionConfigurationPlatforms) = preSolution
		Debug|Any CPU = Debug|Any CPU
		Release|Any CPU = Release|Any CPU
	EndGlobalSection
	GlobalSection(ProjectConfigurationPlatforms) = postSolution
		{A931F340-D6B3-4703-98E8-9E5C505D2E11}.Debug|Any CPU.ActiveCfg = Debug|Any CPU
		{A931F340-D6B3-4703-98E8-9E5C505D2E11}.Debug|Any CPU.Build.0 = Debug|Any CPU
		{A931F340-D6B3-4703-98E8-9E5C505D2E11}.Release|Any CPU.ActiveCfg = Release|Any CPU
		{A931F340-D6B3-4703-98E8-9E5C505D2E11}.Release|Any CPU.Build.0 = Release|Any CPU
	EndGlobalSection
	GlobalSection(SolutionProperties) = preSolution
		HideSolutionNode = FALSE
	EndGlobalSection
	GlobalSection(ExtensibilityGlobals) = postSolution
		SolutionGuid = {B9C58857-BEEA-405C-A14A-E5833B416E6B}
	EndGlobalSection
EndGlobal
