
Microsoft Visual Studio Solution File, Format Version 12.00
# Visual Studio Version 16
VisualStudioVersion = 16.0.30804.86
MinimumVisualStudioVersion = 10.0.40219.1
Project("{FAE04EC0-301F-11D3-BF4B-00C04F79EFBC}") = "EmployeeList_PartialView", "EmployeeList_PartialView\EmployeeList_PartialView.csproj", "{35449C1D-E916-4973-9071-EF87A830EC16}"
EndProject
Global
	GlobalSection(SolutionConfigurationPlatforms) = preSolution
		Debug|Any CPU = Debug|Any CPU
		Release|Any CPU = Release|Any CPU
	EndGlobalSection
	GlobalSection(ProjectConfigurationPlatforms) = postSolution
		{35449C1D-E916-4973-9071-EF87A830EC16}.Debug|Any CPU.ActiveCfg = Debug|Any CPU
		{35449C1D-E916-4973-9071-EF87A830EC16}.Debug|Any CPU.Build.0 = Debug|Any CPU
		{35449C1D-E916-4973-9071-EF87A830EC16}.Release|Any CPU.ActiveCfg = Release|Any CPU
		{35449C1D-E916-4973-9071-EF87A830EC16}.Release|Any CPU.Build.0 = Release|Any CPU
	EndGlobalSection
	GlobalSection(SolutionProperties) = preSolution
		HideSolutionNode = FALSE
	EndGlobalSection
	GlobalSection(ExtensibilityGlobals) = postSolution
		SolutionGuid = {A47EB65C-8CBA-4F00-A5BB-C0DB07CF4D90}
	EndGlobalSection
EndGlobal
